
Microsoft Visual Studio Solution File, Format Version 12.00
Project("{FAE04EC0-301F-11D3-BF4B-00C04F79EFBC}") = "Sorokin.Wpf.MVVM.Core", "Sorokin.Wpf.MVVM.Core\Sorokin.Wpf.MVVM.Core.csproj", "{72ECAC44-6C34-42A8-AD3B-9DC8E5480F7F}"
EndProject
Project("{FAE04EC0-301F-11D3-BF4B-00C04F79EFBC}") = "WpfApp1", "WpfApp1\WpfApp1.csproj", "{21EF34C1-C218-4EF0-BD06-5BF15C53AA72}"
EndProject
Global
	GlobalSection(SolutionConfigurationPlatforms) = preSolution
		Debug|Any CPU = Debug|Any CPU
		Release|Any CPU = Release|Any CPU
	EndGlobalSection
	GlobalSection(ProjectConfigurationPlatforms) = postSolution
		{72ECAC44-6C34-42A8-AD3B-9DC8E5480F7F}.Debug|Any CPU.ActiveCfg = Debug|Any CPU
		{72ECAC44-6C34-42A8-AD3B-9DC8E5480F7F}.Debug|Any CPU.Build.0 = Debug|Any CPU
		{72ECAC44-6C34-42A8-AD3B-9DC8E5480F7F}.Release|Any CPU.ActiveCfg = Release|Any CPU
		{72ECAC44-6C34-42A8-AD3B-9DC8E5480F7F}.Release|Any CPU.Build.0 = Release|Any CPU
		{21EF34C1-C218-4EF0-BD06-5BF15C53AA72}.Debug|Any CPU.ActiveCfg = Debug|Any CPU
		{21EF34C1-C218-4EF0-BD06-5BF15C53AA72}.Debug|Any CPU.Build.0 = Debug|Any CPU
		{21EF34C1-C218-4EF0-BD06-5BF15C53AA72}.Release|Any CPU.ActiveCfg = Release|Any CPU
		{21EF34C1-C218-4EF0-BD06-5BF15C53AA72}.Release|Any CPU.Build.0 = Release|Any CPU
	EndGlobalSection
EndGlobal
